
Microsoft Visual Studio Solution File, Format Version 12.00
# Visual Studio Version 17
VisualStudioVersion = 17.7.34018.315
MinimumVisualStudioVersion = 10.0.40219.1
Project("{9A19103F-16F7-4668-BE54-9A1E7A4F7556}") = "OOPExcA02Libs", "OOPExcA02Libs\OOPExcA02Libs.csproj", "{2131A74C-C98B-4838-8FA1-181B6230842C}"
EndProject
Project("{9A19103F-16F7-4668-BE54-9A1E7A4F7556}") = "OOPExcA02Cons", "OOPExcA02Cons\OOPExcA02Cons.csproj", "{28DEE724-D875-468F-BCBB-CC80CB413B91}"
EndProject
Project("{9A19103F-16F7-4668-BE54-9A1E7A4F7556}") = "OOPExcA01Lib", "OOPExcA01Lib\OOPExcA01Lib.csproj", "{892C974E-0A53-4045-B55E-1756A2924AE5}"
EndProject
Project("{9A19103F-16F7-4668-BE54-9A1E7A4F7556}") = "OOPExcA01Cons", "OOPExcA01Cons\OOPExcA01Cons.csproj", "{E857525A-456D-44CA-BC9B-CC317C45AAFA}"
EndProject
Project("{9A19103F-16F7-4668-BE54-9A1E7A4F7556}") = "OOPExcSobrecargaI01", "OOPExcSobrecargaI01\OOPExcSobrecargaI01.csproj", "{4F49B720-5274-45F2-9474-A4AFCA2C4947}"
EndProject
Project("{9A19103F-16F7-4668-BE54-9A1E7A4F7556}") = "OOPHercExcI01", "OOPHercExcI01\OOPHercExcI01.csproj", "{D3323374-3157-437B-95FB-D849A32CD1EC}"
EndProject
Project("{9A19103F-16F7-4668-BE54-9A1E7A4F7556}") = "OOPHercExcI01Cons", "OOPHercExcI01Cons\OOPHercExcI01Cons.csproj", "{5AE606CA-1C56-450F-93F0-7B51DD30A27A}"
EndProject
Project("{9A19103F-16F7-4668-BE54-9A1E7A4F7556}") = "CollectExcC01Lib", "CollectExcC01Lib\CollectExcC01Lib.csproj", "{33B0E790-3AF1-46FE-878D-DA2A3AB000C5}"
EndProject
Project("{9A19103F-16F7-4668-BE54-9A1E7A4F7556}") = "CollectExcC01Cons", "CollectExcC01Cons\CollectExcC01Cons.csproj", "{12053677-5380-4CEB-A854-40D0410A9F0A}"
EndProject
Project("{9A19103F-16F7-4668-BE54-9A1E7A4F7556}") = "HerncExcC01Lib", "HerncExcC01Lib\HerncExcC01Lib.csproj", "{1BF3A674-E24A-4B6A-AFCF-63A33A46D01F}"
EndProject
Project("{9A19103F-16F7-4668-BE54-9A1E7A4F7556}") = "HerncExcC01Cons", "HerncExcC01Cons\HerncExcC01Cons.csproj", "{7B73E758-7FDA-47C8-B6EF-F84634625607}"
EndProject
Project("{9A19103F-16F7-4668-BE54-9A1E7A4F7556}") = "WFormExcI02LogInLib", "WFormExcI02LogInLib\WFormExcI02LogInLib.csproj", "{C154D463-5819-4CC1-937E-901F1D4FB6B7}"
EndProject
Project("{9A19103F-16F7-4668-BE54-9A1E7A4F7556}") = "WFormExcI02LogInWForm", "WFormExcI02LogInWForm\WFormExcI02LogInWForm.csproj", "{7A871CF9-5DFC-4C46-88D3-7AA46C98CFF6}"
EndProject
Project("{9A19103F-16F7-4668-BE54-9A1E7A4F7556}") = "PoliExcI01SobEscAdvCons", "PoliExcI01SobEscAdvCons\PoliExcI01SobEscAdvCons.csproj", "{3FB972C1-E1C1-408D-AA19-E7195E2AF3AD}"
EndProject
Project("{9A19103F-16F7-4668-BE54-9A1E7A4F7556}") = "WFormExcC03UIBinLib", "WFormExcC03UIBinLib\WFormExcC03UIBinLib.csproj", "{679D2BC8-11E3-4C73-9874-37F978C6263F}"
EndProject
Project("{9A19103F-16F7-4668-BE54-9A1E7A4F7556}") = "WFormExcC03UIBinWForm", "WFormExcC03UIBinWForm\WFormExcC03UIBinWForm.csproj", "{253BEC11-1B4E-490D-8703-6961BE086470}"
EndProject
Project("{9A19103F-16F7-4668-BE54-9A1E7A4F7556}") = "ExcpExcI02AtrapPuedesUI", "ExcpExcI02AtrapPuedesUI\ExcpExcI02AtrapPuedesUI.csproj", "{C2BD4D88-41A1-4F07-AB0D-E90D3E371768}"
EndProject
Project("{FAE04EC0-301F-11D3-BF4B-00C04F79EFBC}") = "ExcpExcI02AtrapPuedesLibs", "ExcpExcI02AtrapPuedesLibs\ExcpExcI02AtrapPuedesLibs.csproj", "{60787BA2-086C-4697-B1B5-FE410215CFD1}"
EndProject
Global
	GlobalSection(SolutionConfigurationPlatforms) = preSolution
		Debug|Any CPU = Debug|Any CPU
		Release|Any CPU = Release|Any CPU
	EndGlobalSection
	GlobalSection(ProjectConfigurationPlatforms) = postSolution
		{2131A74C-C98B-4838-8FA1-181B6230842C}.Debug|Any CPU.ActiveCfg = Debug|Any CPU
		{2131A74C-C98B-4838-8FA1-181B6230842C}.Debug|Any CPU.Build.0 = Debug|Any CPU
		{2131A74C-C98B-4838-8FA1-181B6230842C}.Release|Any CPU.ActiveCfg = Release|Any CPU
		{2131A74C-C98B-4838-8FA1-181B6230842C}.Release|Any CPU.Build.0 = Release|Any CPU
		{28DEE724-D875-468F-BCBB-CC80CB413B91}.Debug|Any CPU.ActiveCfg = Debug|Any CPU
		{28DEE724-D875-468F-BCBB-CC80CB413B91}.Debug|Any CPU.Build.0 = Debug|Any CPU
		{28DEE724-D875-468F-BCBB-CC80CB413B91}.Release|Any CPU.ActiveCfg = Release|Any CPU
		{28DEE724-D875-468F-BCBB-CC80CB413B91}.Release|Any CPU.Build.0 = Release|Any CPU
		{892C974E-0A53-4045-B55E-1756A2924AE5}.Debug|Any CPU.ActiveCfg = Debug|Any CPU
		{892C974E-0A53-4045-B55E-1756A2924AE5}.Debug|Any CPU.Build.0 = Debug|Any CPU
		{892C974E-0A53-4045-B55E-1756A2924AE5}.Release|Any CPU.ActiveCfg = Release|Any CPU
		{892C974E-0A53-4045-B55E-1756A2924AE5}.Release|Any CPU.Build.0 = Release|Any CPU
		{E857525A-456D-44CA-BC9B-CC317C45AAFA}.Debug|Any CPU.ActiveCfg = Debug|Any CPU
		{E857525A-456D-44CA-BC9B-CC317C45AAFA}.Debug|Any CPU.Build.0 = Debug|Any CPU
		{E857525A-456D-44CA-BC9B-CC317C45AAFA}.Release|Any CPU.ActiveCfg = Release|Any CPU
		{E857525A-456D-44CA-BC9B-CC317C45AAFA}.Release|Any CPU.Build.0 = Release|Any CPU
		{4F49B720-5274-45F2-9474-A4AFCA2C4947}.Debug|Any CPU.ActiveCfg = Debug|Any CPU
		{4F49B720-5274-45F2-9474-A4AFCA2C4947}.Debug|Any CPU.Build.0 = Debug|Any CPU
		{4F49B720-5274-45F2-9474-A4AFCA2C4947}.Release|Any CPU.ActiveCfg = Release|Any CPU
		{4F49B720-5274-45F2-9474-A4AFCA2C4947}.Release|Any CPU.Build.0 = Release|Any CPU
		{D3323374-3157-437B-95FB-D849A32CD1EC}.Debug|Any CPU.ActiveCfg = Debug|Any CPU
		{D3323374-3157-437B-95FB-D849A32CD1EC}.Debug|Any CPU.Build.0 = Debug|Any CPU
		{D3323374-3157-437B-95FB-D849A32CD1EC}.Release|Any CPU.ActiveCfg = Release|Any CPU
		{D3323374-3157-437B-95FB-D849A32CD1EC}.Release|Any CPU.Build.0 = Release|Any CPU
		{5AE606CA-1C56-450F-93F0-7B51DD30A27A}.Debug|Any CPU.ActiveCfg = Debug|Any CPU
		{5AE606CA-1C56-450F-93F0-7B51DD30A27A}.Debug|Any CPU.Build.0 = Debug|Any CPU
		{5AE606CA-1C56-450F-93F0-7B51DD30A27A}.Release|Any CPU.ActiveCfg = Release|Any CPU
		{5AE606CA-1C56-450F-93F0-7B51DD30A27A}.Release|Any CPU.Build.0 = Release|Any CPU
		{33B0E790-3AF1-46FE-878D-DA2A3AB000C5}.Debug|Any CPU.ActiveCfg = Debug|Any CPU
		{33B0E790-3AF1-46FE-878D-DA2A3AB000C5}.Debug|Any CPU.Build.0 = Debug|Any CPU
		{33B0E790-3AF1-46FE-878D-DA2A3AB000C5}.Release|Any CPU.ActiveCfg = Release|Any CPU
		{33B0E790-3AF1-46FE-878D-DA2A3AB000C5}.Release|Any CPU.Build.0 = Release|Any CPU
		{12053677-5380-4CEB-A854-40D0410A9F0A}.Debug|Any CPU.ActiveCfg = Debug|Any CPU
		{12053677-5380-4CEB-A854-40D0410A9F0A}.Debug|Any CPU.Build.0 = Debug|Any CPU
		{12053677-5380-4CEB-A854-40D0410A9F0A}.Release|Any CPU.ActiveCfg = Release|Any CPU
		{12053677-5380-4CEB-A854-40D0410A9F0A}.Release|Any CPU.Build.0 = Release|Any CPU
		{1BF3A674-E24A-4B6A-AFCF-63A33A46D01F}.Debug|Any CPU.ActiveCfg = Debug|Any CPU
		{1BF3A674-E24A-4B6A-AFCF-63A33A46D01F}.Debug|Any CPU.Build.0 = Debug|Any CPU
		{1BF3A674-E24A-4B6A-AFCF-63A33A46D01F}.Release|Any CPU.ActiveCfg = Release|Any CPU
		{1BF3A674-E24A-4B6A-AFCF-63A33A46D01F}.Release|Any CPU.Build.0 = Release|Any CPU
		{7B73E758-7FDA-47C8-B6EF-F84634625607}.Debug|Any CPU.ActiveCfg = Debug|Any CPU
		{7B73E758-7FDA-47C8-B6EF-F84634625607}.Debug|Any CPU.Build.0 = Debug|Any CPU
		{7B73E758-7FDA-47C8-B6EF-F84634625607}.Release|Any CPU.ActiveCfg = Release|Any CPU
		{7B73E758-7FDA-47C8-B6EF-F84634625607}.Release|Any CPU.Build.0 = Release|Any CPU
		{C154D463-5819-4CC1-937E-901F1D4FB6B7}.Debug|Any CPU.ActiveCfg = Debug|Any CPU
		{C154D463-5819-4CC1-937E-901F1D4FB6B7}.Debug|Any CPU.Build.0 = Debug|Any CPU
		{C154D463-5819-4CC1-937E-901F1D4FB6B7}.Release|Any CPU.ActiveCfg = Release|Any CPU
		{C154D463-5819-4CC1-937E-901F1D4FB6B7}.Release|Any CPU.Build.0 = Release|Any CPU
		{7A871CF9-5DFC-4C46-88D3-7AA46C98CFF6}.Debug|Any CPU.ActiveCfg = Debug|Any CPU
		{7A871CF9-5DFC-4C46-88D3-7AA46C98CFF6}.Debug|Any CPU.Build.0 = Debug|Any CPU
		{7A871CF9-5DFC-4C46-88D3-7AA46C98CFF6}.Release|Any CPU.ActiveCfg = Release|Any CPU
		{7A871CF9-5DFC-4C46-88D3-7AA46C98CFF6}.Release|Any CPU.Build.0 = Release|Any CPU
		{3FB972C1-E1C1-408D-AA19-E7195E2AF3AD}.Debug|Any CPU.ActiveCfg = Debug|Any CPU
		{3FB972C1-E1C1-408D-AA19-E7195E2AF3AD}.Debug|Any CPU.Build.0 = Debug|Any CPU
		{3FB972C1-E1C1-408D-AA19-E7195E2AF3AD}.Release|Any CPU.ActiveCfg = Release|Any CPU
		{3FB972C1-E1C1-408D-AA19-E7195E2AF3AD}.Release|Any CPU.Build.0 = Release|Any CPU
		{679D2BC8-11E3-4C73-9874-37F978C6263F}.Debug|Any CPU.ActiveCfg = Debug|Any CPU
		{679D2BC8-11E3-4C73-9874-37F978C6263F}.Debug|Any CPU.Build.0 = Debug|Any CPU
		{679D2BC8-11E3-4C73-9874-37F978C6263F}.Release|Any CPU.ActiveCfg = Release|Any CPU
		{679D2BC8-11E3-4C73-9874-37F978C6263F}.Release|Any CPU.Build.0 = Release|Any CPU
		{253BEC11-1B4E-490D-8703-6961BE086470}.Debug|Any CPU.ActiveCfg = Debug|Any CPU
		{253BEC11-1B4E-490D-8703-6961BE086470}.Debug|Any CPU.Build.0 = Debug|Any CPU
		{253BEC11-1B4E-490D-8703-6961BE086470}.Release|Any CPU.ActiveCfg = Release|Any CPU
		{253BEC11-1B4E-490D-8703-6961BE086470}.Release|Any CPU.Build.0 = Release|Any CPU
		{C2BD4D88-41A1-4F07-AB0D-E90D3E371768}.Debug|Any CPU.ActiveCfg = Debug|Any CPU
		{C2BD4D88-41A1-4F07-AB0D-E90D3E371768}.Debug|Any CPU.Build.0 = Debug|Any CPU
		{C2BD4D88-41A1-4F07-AB0D-E90D3E371768}.Release|Any CPU.ActiveCfg = Release|Any CPU
		{C2BD4D88-41A1-4F07-AB0D-E90D3E371768}.Release|Any CPU.Build.0 = Release|Any CPU
		{60787BA2-086C-4697-B1B5-FE410215CFD1}.Debug|Any CPU.ActiveCfg = Debug|Any CPU
		{60787BA2-086C-4697-B1B5-FE410215CFD1}.Debug|Any CPU.Build.0 = Debug|Any CPU
		{60787BA2-086C-4697-B1B5-FE410215CFD1}.Release|Any CPU.ActiveCfg = Release|Any CPU
		{60787BA2-086C-4697-B1B5-FE410215CFD1}.Release|Any CPU.Build.0 = Release|Any CPU
	EndGlobalSection
	GlobalSection(SolutionProperties) = preSolution
		HideSolutionNode = FALSE
	EndGlobalSection
	GlobalSection(ExtensibilityGlobals) = postSolution
		SolutionGuid = {0986E305-A4FA-499B-BE9A-7B95E6EAD108}
	EndGlobalSection
EndGlobal
