
Microsoft Visual Studio Solution File, Format Version 12.00
# Visual Studio Version 17
VisualStudioVersion = 17.7.34018.315
MinimumVisualStudioVersion = 10.0.40219.1
Project("{9A19103F-16F7-4668-BE54-9A1E7A4F7556}") = "OOPExcA02Libs", "OOPExcA02Libs\OOPExcA02Libs.csproj", "{2131A74C-C98B-4838-8FA1-181B6230842C}"
EndProject
Project("{9A19103F-16F7-4668-BE54-9A1E7A4F7556}") = "OOPExcA02Cons", "OOPExcA02Cons\OOPExcA02Cons.csproj", "{28DEE724-D875-468F-BCBB-CC80CB413B91}"
EndProject
Project("{FAE04EC0-301F-11D3-BF4B-00C04F79EFBC}") = "OOPExcA01Lib", "OOPExcA01Lib\OOPExcA01Lib.csproj", "{892C974E-0A53-4045-B55E-1756A2924AE5}"
EndProject
Project("{FAE04EC0-301F-11D3-BF4B-00C04F79EFBC}") = "OOPExcA01Cons", "OOPExcA01Cons\OOPExcA01Cons.csproj", "{E857525A-456D-44CA-BC9B-CC317C45AAFA}"
EndProject
Global
	GlobalSection(SolutionConfigurationPlatforms) = preSolution
		Debug|Any CPU = Debug|Any CPU
		Release|Any CPU = Release|Any CPU
	EndGlobalSection
	GlobalSection(ProjectConfigurationPlatforms) = postSolution
		{2131A74C-C98B-4838-8FA1-181B6230842C}.Debug|Any CPU.ActiveCfg = Debug|Any CPU
		{2131A74C-C98B-4838-8FA1-181B6230842C}.Debug|Any CPU.Build.0 = Debug|Any CPU
		{2131A74C-C98B-4838-8FA1-181B6230842C}.Release|Any CPU.ActiveCfg = Release|Any CPU
		{2131A74C-C98B-4838-8FA1-181B6230842C}.Release|Any CPU.Build.0 = Release|Any CPU
		{28DEE724-D875-468F-BCBB-CC80CB413B91}.Debug|Any CPU.ActiveCfg = Debug|Any CPU
		{28DEE724-D875-468F-BCBB-CC80CB413B91}.Debug|Any CPU.Build.0 = Debug|Any CPU
		{28DEE724-D875-468F-BCBB-CC80CB413B91}.Release|Any CPU.ActiveCfg = Release|Any CPU
		{28DEE724-D875-468F-BCBB-CC80CB413B91}.Release|Any CPU.Build.0 = Release|Any CPU
		{892C974E-0A53-4045-B55E-1756A2924AE5}.Debug|Any CPU.ActiveCfg = Debug|Any CPU
		{892C974E-0A53-4045-B55E-1756A2924AE5}.Debug|Any CPU.Build.0 = Debug|Any CPU
		{892C974E-0A53-4045-B55E-1756A2924AE5}.Release|Any CPU.ActiveCfg = Release|Any CPU
		{892C974E-0A53-4045-B55E-1756A2924AE5}.Release|Any CPU.Build.0 = Release|Any CPU
		{E857525A-456D-44CA-BC9B-CC317C45AAFA}.Debug|Any CPU.ActiveCfg = Debug|Any CPU
		{E857525A-456D-44CA-BC9B-CC317C45AAFA}.Debug|Any CPU.Build.0 = Debug|Any CPU
		{E857525A-456D-44CA-BC9B-CC317C45AAFA}.Release|Any CPU.ActiveCfg = Release|Any CPU
		{E857525A-456D-44CA-BC9B-CC317C45AAFA}.Release|Any CPU.Build.0 = Release|Any CPU
	EndGlobalSection
	GlobalSection(SolutionProperties) = preSolution
		HideSolutionNode = FALSE
	EndGlobalSection
	GlobalSection(ExtensibilityGlobals) = postSolution
		SolutionGuid = {0986E305-A4FA-499B-BE9A-7B95E6EAD108}
	EndGlobalSection
EndGlobal
